
Microsoft Visual Studio Solution File, Format Version 12.00
# Visual Studio Version 16
VisualStudioVersion = 16.0.28922.388
MinimumVisualStudioVersion = 10.0.40219.1
Project("{FAE04EC0-301F-11D3-BF4B-00C04F79EFBC}") = "SkyScanner.Worker", "SkyScanner.Worker\SkyScanner.Worker.csproj", "{0FE38B32-4E47-4C0D-B028-85890710A389}"
EndProject
Project("{FAE04EC0-301F-11D3-BF4B-00C04F79EFBC}") = "SkyScanner", "SkyScanner\SkyScanner.csproj", "{4FF4CEE2-1C1B-4A14-B545-7157BFD596B6}"
EndProject
Global
	GlobalSection(SolutionConfigurationPlatforms) = preSolution
		Debug|Any CPU = Debug|Any CPU
		Release|Any CPU = Release|Any CPU
	EndGlobalSection
	GlobalSection(ProjectConfigurationPlatforms) = postSolution
		{0FE38B32-4E47-4C0D-B028-85890710A389}.Debug|Any CPU.ActiveCfg = Debug|Any CPU
		{0FE38B32-4E47-4C0D-B028-85890710A389}.Debug|Any CPU.Build.0 = Debug|Any CPU
		{0FE38B32-4E47-4C0D-B028-85890710A389}.Release|Any CPU.ActiveCfg = Release|Any CPU
		{0FE38B32-4E47-4C0D-B028-85890710A389}.Release|Any CPU.Build.0 = Release|Any CPU
		{4FF4CEE2-1C1B-4A14-B545-7157BFD596B6}.Debug|Any CPU.ActiveCfg = Debug|Any CPU
		{4FF4CEE2-1C1B-4A14-B545-7157BFD596B6}.Debug|Any CPU.Build.0 = Debug|Any CPU
		{4FF4CEE2-1C1B-4A14-B545-7157BFD596B6}.Release|Any CPU.ActiveCfg = Release|Any CPU
		{4FF4CEE2-1C1B-4A14-B545-7157BFD596B6}.Release|Any CPU.Build.0 = Release|Any CPU
	EndGlobalSection
	GlobalSection(SolutionProperties) = preSolution
		HideSolutionNode = FALSE
	EndGlobalSection
	GlobalSection(ExtensibilityGlobals) = postSolution
		SolutionGuid = {97BB1CFF-E0DF-4910-A9C5-748D2AC4EB89}
	EndGlobalSection
EndGlobal
